
Microsoft Visual Studio Solution File, Format Version 12.00
# Visual Studio Version 16
VisualStudioVersion = 16.0.33529.622
MinimumVisualStudioVersion = 10.0.40219.1
Project("{FAE04EC0-301F-11D3-BF4B-00C04F79EFBC}") = "FactuStock", "FactuStock\FactuStock.csproj", "{CC4C9DD4-C267-4DE9-9B0B-3D8FDDB7A9AF}"
EndProject
Global
	GlobalSection(SolutionConfigurationPlatforms) = preSolution
		Debug|Any CPU = Debug|Any CPU
		Release|Any CPU = Release|Any CPU
	EndGlobalSection
	GlobalSection(ProjectConfigurationPlatforms) = postSolution
		{CC4C9DD4-C267-4DE9-9B0B-3D8FDDB7A9AF}.Debug|Any CPU.ActiveCfg = Debug|Any CPU
		{CC4C9DD4-C267-4DE9-9B0B-3D8FDDB7A9AF}.Debug|Any CPU.Build.0 = Debug|Any CPU
		{CC4C9DD4-C267-4DE9-9B0B-3D8FDDB7A9AF}.Release|Any CPU.ActiveCfg = Release|Any CPU
		{CC4C9DD4-C267-4DE9-9B0B-3D8FDDB7A9AF}.Release|Any CPU.Build.0 = Release|Any CPU
	EndGlobalSection
	GlobalSection(SolutionProperties) = preSolution
		HideSolutionNode = FALSE
	EndGlobalSection
	GlobalSection(ExtensibilityGlobals) = postSolution
		SolutionGuid = {1721E752-EB1E-4113-A936-8D19AD68C147}
	EndGlobalSection
EndGlobal
